
Microsoft Visual Studio Solution File, Format Version 12.00
# Visual Studio Version 16
VisualStudioVersion = 16.0.31727.386
MinimumVisualStudioVersion = 10.0.40219.1
Project("{8BC9CEB8-8B4A-11D0-8D11-00A0C91BC942}") = "abc234-c", "abc234-c\abc234-c.vcxproj", "{E56A72A5-863E-4E88-BAE1-B8195E3546F3}"
EndProject
Global
	GlobalSection(SolutionConfigurationPlatforms) = preSolution
		Debug|x64 = Debug|x64
		Debug|x86 = Debug|x86
		Release|x64 = Release|x64
		Release|x86 = Release|x86
	EndGlobalSection
	GlobalSection(ProjectConfigurationPlatforms) = postSolution
		{E56A72A5-863E-4E88-BAE1-B8195E3546F3}.Debug|x64.ActiveCfg = Debug|x64
		{E56A72A5-863E-4E88-BAE1-B8195E3546F3}.Debug|x64.Build.0 = Debug|x64
		{E56A72A5-863E-4E88-BAE1-B8195E3546F3}.Debug|x86.ActiveCfg = Debug|Win32
		{E56A72A5-863E-4E88-BAE1-B8195E3546F3}.Debug|x86.Build.0 = Debug|Win32
		{E56A72A5-863E-4E88-BAE1-B8195E3546F3}.Release|x64.ActiveCfg = Release|x64
		{E56A72A5-863E-4E88-BAE1-B8195E3546F3}.Release|x64.Build.0 = Release|x64
		{E56A72A5-863E-4E88-BAE1-B8195E3546F3}.Release|x86.ActiveCfg = Release|Win32
		{E56A72A5-863E-4E88-BAE1-B8195E3546F3}.Release|x86.Build.0 = Release|Win32
	EndGlobalSection
	GlobalSection(SolutionProperties) = preSolution
		HideSolutionNode = FALSE
	EndGlobalSection
	GlobalSection(ExtensibilityGlobals) = postSolution
		SolutionGuid = {4239E9F0-7422-40D6-A23F-A217200C73ED}
	EndGlobalSection
EndGlobal
