
Microsoft Visual Studio Solution File, Format Version 12.00
# Visual Studio Version 16
VisualStudioVersion = 16.0.31727.386
MinimumVisualStudioVersion = 10.0.40219.1
Project("{8BC9CEB8-8B4A-11D0-8D11-00A0C91BC942}") = "abc245-a", "abc245-a\abc245-a.vcxproj", "{9B8BBE61-827B-4CF8-984D-2384873931F9}"
EndProject
Global
	GlobalSection(SolutionConfigurationPlatforms) = preSolution
		Debug|x64 = Debug|x64
		Debug|x86 = Debug|x86
		Release|x64 = Release|x64
		Release|x86 = Release|x86
	EndGlobalSection
	GlobalSection(ProjectConfigurationPlatforms) = postSolution
		{9B8BBE61-827B-4CF8-984D-2384873931F9}.Debug|x64.ActiveCfg = Debug|x64
		{9B8BBE61-827B-4CF8-984D-2384873931F9}.Debug|x64.Build.0 = Debug|x64
		{9B8BBE61-827B-4CF8-984D-2384873931F9}.Debug|x86.ActiveCfg = Debug|Win32
		{9B8BBE61-827B-4CF8-984D-2384873931F9}.Debug|x86.Build.0 = Debug|Win32
		{9B8BBE61-827B-4CF8-984D-2384873931F9}.Release|x64.ActiveCfg = Release|x64
		{9B8BBE61-827B-4CF8-984D-2384873931F9}.Release|x64.Build.0 = Release|x64
		{9B8BBE61-827B-4CF8-984D-2384873931F9}.Release|x86.ActiveCfg = Release|Win32
		{9B8BBE61-827B-4CF8-984D-2384873931F9}.Release|x86.Build.0 = Release|Win32
	EndGlobalSection
	GlobalSection(SolutionProperties) = preSolution
		HideSolutionNode = FALSE
	EndGlobalSection
	GlobalSection(ExtensibilityGlobals) = postSolution
		SolutionGuid = {05C5D4DD-64F9-4A36-9510-34AAC6120DB7}
	EndGlobalSection
EndGlobal
