
Microsoft Visual Studio Solution File, Format Version 12.00
# Visual Studio Version 16
VisualStudioVersion = 16.0.31727.386
MinimumVisualStudioVersion = 10.0.40219.1
Project("{8BC9CEB8-8B4A-11D0-8D11-00A0C91BC942}") = "abc246-a", "abc246-a\abc246-a.vcxproj", "{D772F901-92AC-478C-A07F-49D4BB51B51E}"
EndProject
Global
	GlobalSection(SolutionConfigurationPlatforms) = preSolution
		Debug|x64 = Debug|x64
		Debug|x86 = Debug|x86
		Release|x64 = Release|x64
		Release|x86 = Release|x86
	EndGlobalSection
	GlobalSection(ProjectConfigurationPlatforms) = postSolution
		{D772F901-92AC-478C-A07F-49D4BB51B51E}.Debug|x64.ActiveCfg = Debug|x64
		{D772F901-92AC-478C-A07F-49D4BB51B51E}.Debug|x64.Build.0 = Debug|x64
		{D772F901-92AC-478C-A07F-49D4BB51B51E}.Debug|x86.ActiveCfg = Debug|Win32
		{D772F901-92AC-478C-A07F-49D4BB51B51E}.Debug|x86.Build.0 = Debug|Win32
		{D772F901-92AC-478C-A07F-49D4BB51B51E}.Release|x64.ActiveCfg = Release|x64
		{D772F901-92AC-478C-A07F-49D4BB51B51E}.Release|x64.Build.0 = Release|x64
		{D772F901-92AC-478C-A07F-49D4BB51B51E}.Release|x86.ActiveCfg = Release|Win32
		{D772F901-92AC-478C-A07F-49D4BB51B51E}.Release|x86.Build.0 = Release|Win32
	EndGlobalSection
	GlobalSection(SolutionProperties) = preSolution
		HideSolutionNode = FALSE
	EndGlobalSection
	GlobalSection(ExtensibilityGlobals) = postSolution
		SolutionGuid = {0CFBC954-30DA-4F17-8ACE-DA0F8804A951}
	EndGlobalSection
EndGlobal
