
Microsoft Visual Studio Solution File, Format Version 12.00
# Visual Studio Version 16
VisualStudioVersion = 16.0.31727.386
MinimumVisualStudioVersion = 10.0.40219.1
Project("{8BC9CEB8-8B4A-11D0-8D11-00A0C91BC942}") = "abc243-a", "abc243-a\abc243-a.vcxproj", "{889B5D2E-9B27-4F65-AEBE-767F4D80FE2D}"
EndProject
Global
	GlobalSection(SolutionConfigurationPlatforms) = preSolution
		Debug|x64 = Debug|x64
		Debug|x86 = Debug|x86
		Release|x64 = Release|x64
		Release|x86 = Release|x86
	EndGlobalSection
	GlobalSection(ProjectConfigurationPlatforms) = postSolution
		{889B5D2E-9B27-4F65-AEBE-767F4D80FE2D}.Debug|x64.ActiveCfg = Debug|x64
		{889B5D2E-9B27-4F65-AEBE-767F4D80FE2D}.Debug|x64.Build.0 = Debug|x64
		{889B5D2E-9B27-4F65-AEBE-767F4D80FE2D}.Debug|x86.ActiveCfg = Debug|Win32
		{889B5D2E-9B27-4F65-AEBE-767F4D80FE2D}.Debug|x86.Build.0 = Debug|Win32
		{889B5D2E-9B27-4F65-AEBE-767F4D80FE2D}.Release|x64.ActiveCfg = Release|x64
		{889B5D2E-9B27-4F65-AEBE-767F4D80FE2D}.Release|x64.Build.0 = Release|x64
		{889B5D2E-9B27-4F65-AEBE-767F4D80FE2D}.Release|x86.ActiveCfg = Release|Win32
		{889B5D2E-9B27-4F65-AEBE-767F4D80FE2D}.Release|x86.Build.0 = Release|Win32
	EndGlobalSection
	GlobalSection(SolutionProperties) = preSolution
		HideSolutionNode = FALSE
	EndGlobalSection
	GlobalSection(ExtensibilityGlobals) = postSolution
		SolutionGuid = {ADD1FE76-7602-4C12-84D5-6BAA9ADC840D}
	EndGlobalSection
EndGlobal
